{
    "_meta": {
        "hash": {
            "sha256": "f27decd6d7eb6aaaf764e8c61afd06946428760d4234fe4e38cf80ac550bf2c0"
        },
        "host-environment-markers": {
            "implementation_name": "cpython",
            "implementation_version": "3.4.3",
            "os_name": "posix",
            "platform_machine": "x86_64",
            "platform_python_implementation": "CPython",
            "platform_release": "3.13.0-135-generic",
            "platform_system": "Linux",
            "platform_version": "#184-Ubuntu SMP Wed Oct 18 11:55:51 UTC 2017",
            "python_full_version": "3.4.3",
            "python_version": "3.4",
            "sys_platform": "linux"
        },
        "pipfile-spec": 6,
        "requires": {},
        "sources": [
            {
                "name": "pypi",
                "url": "https://pypi.python.org/simple",
                "verify_ssl": true
            }
        ]
    },
    "default": {
        "gunicorn": {
            "hashes": [
                "sha256:a5179cde922d2b4e045ee5b11e87323ee77d363ae40294fc8252f25d6a0eaf06",
                "sha256:8bc835082882ad9a012cd790c460011e4d96bf3512d98a04d3dabbe45393a089"
            ],
            "version": "==19.3.0"
        },
        "requests": {
            "hashes": [
                "sha256:113fbba5531a9e34945b7d36b33a084e8ba5d0664b703c81a7c572d91919a5b8",
                "sha256:c577815dd00f1394203fc44eb979724b098f88264a9ef898ee45b8e5e9cf587f"
            ],
            "version": "==2.9.1"
        }
    },
    "develop": {}
}
